
Microsoft Visual Studio Solution File, Format Version 12.00
# Visual Studio Version 16
VisualStudioVersion = 16.0.30011.22
MinimumVisualStudioVersion = 10.0.40219.1
Project("{9A19103F-16F7-4668-BE54-9A1E7A4F7556}") = "Domain", "Domain\Domain.csproj", "{F9332C53-F1DE-4D0E-B5F9-9BB3BB719F87}"
EndProject
Project("{9A19103F-16F7-4668-BE54-9A1E7A4F7556}") = "Data", "Data\Data.csproj", "{44895C36-7392-40C6-ADF0-D4ADF1894D98}"
EndProject
Project("{9A19103F-16F7-4668-BE54-9A1E7A4F7556}") = "Core", "Core\Core.csproj", "{16522DA9-57AF-4DBF-A392-788B11C21895}"
EndProject
Project("{9A19103F-16F7-4668-BE54-9A1E7A4F7556}") = "Common", "Common\Common.csproj", "{F611B330-2F8E-433E-9297-AF560CFF5FE9}"
EndProject
Project("{9A19103F-16F7-4668-BE54-9A1E7A4F7556}") = "FilmLoApp.API", "FilmLoApp.API\FilmLoApp.API.csproj", "{BB1EF51F-DE0F-4DCA-B768-368466713D65}"
EndProject
Project("{2150E333-8FDC-42A3-9474-1A3956D46DE8}") = "Solution Items", "Solution Items", "{B0ACD9D5-2DED-4E36-8640-09A28FB1204B}"
	ProjectSection(SolutionItems) = preProject
		.editorconfig = .editorconfig
	EndProjectSection
EndProject
Global
	GlobalSection(SolutionConfigurationPlatforms) = preSolution
		Debug|Any CPU = Debug|Any CPU
		Release|Any CPU = Release|Any CPU
	EndGlobalSection
	GlobalSection(ProjectConfigurationPlatforms) = postSolution
		{F9332C53-F1DE-4D0E-B5F9-9BB3BB719F87}.Debug|Any CPU.ActiveCfg = Debug|Any CPU
		{F9332C53-F1DE-4D0E-B5F9-9BB3BB719F87}.Debug|Any CPU.Build.0 = Debug|Any CPU
		{F9332C53-F1DE-4D0E-B5F9-9BB3BB719F87}.Release|Any CPU.ActiveCfg = Release|Any CPU
		{F9332C53-F1DE-4D0E-B5F9-9BB3BB719F87}.Release|Any CPU.Build.0 = Release|Any CPU
		{44895C36-7392-40C6-ADF0-D4ADF1894D98}.Debug|Any CPU.ActiveCfg = Debug|Any CPU
		{44895C36-7392-40C6-ADF0-D4ADF1894D98}.Debug|Any CPU.Build.0 = Debug|Any CPU
		{44895C36-7392-40C6-ADF0-D4ADF1894D98}.Release|Any CPU.ActiveCfg = Release|Any CPU
		{44895C36-7392-40C6-ADF0-D4ADF1894D98}.Release|Any CPU.Build.0 = Release|Any CPU
		{16522DA9-57AF-4DBF-A392-788B11C21895}.Debug|Any CPU.ActiveCfg = Debug|Any CPU
		{16522DA9-57AF-4DBF-A392-788B11C21895}.Debug|Any CPU.Build.0 = Debug|Any CPU
		{16522DA9-57AF-4DBF-A392-788B11C21895}.Release|Any CPU.ActiveCfg = Release|Any CPU
		{16522DA9-57AF-4DBF-A392-788B11C21895}.Release|Any CPU.Build.0 = Release|Any CPU
		{F611B330-2F8E-433E-9297-AF560CFF5FE9}.Debug|Any CPU.ActiveCfg = Debug|Any CPU
		{F611B330-2F8E-433E-9297-AF560CFF5FE9}.Debug|Any CPU.Build.0 = Debug|Any CPU
		{F611B330-2F8E-433E-9297-AF560CFF5FE9}.Release|Any CPU.ActiveCfg = Release|Any CPU
		{F611B330-2F8E-433E-9297-AF560CFF5FE9}.Release|Any CPU.Build.0 = Release|Any CPU
		{BB1EF51F-DE0F-4DCA-B768-368466713D65}.Debug|Any CPU.ActiveCfg = Debug|Any CPU
		{BB1EF51F-DE0F-4DCA-B768-368466713D65}.Debug|Any CPU.Build.0 = Debug|Any CPU
		{BB1EF51F-DE0F-4DCA-B768-368466713D65}.Release|Any CPU.ActiveCfg = Release|Any CPU
		{BB1EF51F-DE0F-4DCA-B768-368466713D65}.Release|Any CPU.Build.0 = Release|Any CPU
	EndGlobalSection
	GlobalSection(SolutionProperties) = preSolution
		HideSolutionNode = FALSE
	EndGlobalSection
	GlobalSection(ExtensibilityGlobals) = postSolution
		SolutionGuid = {6DCB1BBC-7E20-4E9E-988B-681B5948DB0A}
	EndGlobalSection
EndGlobal
